
Microsoft Visual Studio Solution File, Format Version 12.00
# Visual Studio 2013
VisualStudioVersion = 12.0.31101.0
MinimumVisualStudioVersion = 10.0.40219.1
Project("{FAE04EC0-301F-11D3-BF4B-00C04F79EFBC}") = "Waiver", "Waiver\Waiver.csproj", "{CA7733E4-71AE-427E-A0E7-8F9677DF0581}"
EndProject
Project("{2150E333-8FDC-42A3-9474-1A3956D46DE8}") = "PublishScripts", "PublishScripts", "{814A1586-5B6D-4100-91AD-CBA6FA3261AA}"
	ProjectSection(SolutionItems) = preProject
		PublishScripts\AzureWebsitePublishModule.psm1 = PublishScripts\AzureWebsitePublishModule.psm1
		PublishScripts\Publish-WebApplicationWebsite.ps1 = PublishScripts\Publish-WebApplicationWebsite.ps1
	EndProjectSection
EndProject
Project("{2150E333-8FDC-42A3-9474-1A3956D46DE8}") = "Configurations", "Configurations", "{473F7DEE-6686-45B6-840D-7A77ACD76D9B}"
	ProjectSection(SolutionItems) = preProject
		PublishScripts\Configurations\Waiver-WAWS-dev.json = PublishScripts\Configurations\Waiver-WAWS-dev.json
	EndProjectSection
EndProject
Global
	GlobalSection(SolutionConfigurationPlatforms) = preSolution
		Debug|Any CPU = Debug|Any CPU
		Release|Any CPU = Release|Any CPU
	EndGlobalSection
	GlobalSection(ProjectConfigurationPlatforms) = postSolution
		{CA7733E4-71AE-427E-A0E7-8F9677DF0581}.Debug|Any CPU.ActiveCfg = Debug|Any CPU
		{CA7733E4-71AE-427E-A0E7-8F9677DF0581}.Debug|Any CPU.Build.0 = Debug|Any CPU
		{CA7733E4-71AE-427E-A0E7-8F9677DF0581}.Release|Any CPU.ActiveCfg = Release|Any CPU
		{CA7733E4-71AE-427E-A0E7-8F9677DF0581}.Release|Any CPU.Build.0 = Release|Any CPU
	EndGlobalSection
	GlobalSection(SolutionProperties) = preSolution
		HideSolutionNode = FALSE
	EndGlobalSection
	GlobalSection(NestedProjects) = preSolution
		{473F7DEE-6686-45B6-840D-7A77ACD76D9B} = {814A1586-5B6D-4100-91AD-CBA6FA3261AA}
	EndGlobalSection
EndGlobal
